
Microsoft Visual Studio Solution File, Format Version 12.00
# Visual Studio Version 17
VisualStudioVersion = 17.9.34902.65
MinimumVisualStudioVersion = 10.0.40219.1
Project("{FAE04EC0-301F-11D3-BF4B-00C04F79EFBC}") = "FinalHormigasDef", "FinalHormigasDef\FinalHormigasDef.csproj", "{20604BA5-B449-42CC-84F5-2FE5404AE5EA}"
EndProject
Global
	GlobalSection(SolutionConfigurationPlatforms) = preSolution
		Debug|Any CPU = Debug|Any CPU
		Release|Any CPU = Release|Any CPU
	EndGlobalSection
	GlobalSection(ProjectConfigurationPlatforms) = postSolution
		{20604BA5-B449-42CC-84F5-2FE5404AE5EA}.Debug|Any CPU.ActiveCfg = Debug|Any CPU
		{20604BA5-B449-42CC-84F5-2FE5404AE5EA}.Debug|Any CPU.Build.0 = Debug|Any CPU
		{20604BA5-B449-42CC-84F5-2FE5404AE5EA}.Release|Any CPU.ActiveCfg = Release|Any CPU
		{20604BA5-B449-42CC-84F5-2FE5404AE5EA}.Release|Any CPU.Build.0 = Release|Any CPU
	EndGlobalSection
	GlobalSection(SolutionProperties) = preSolution
		HideSolutionNode = FALSE
	EndGlobalSection
	GlobalSection(ExtensibilityGlobals) = postSolution
		SolutionGuid = {EFF35C67-078A-4B25-A1EB-D2858B4B3D57}
	EndGlobalSection
EndGlobal
